
Microsoft Visual Studio Solution File, Format Version 12.00
# Visual Studio Version 17
VisualStudioVersion = 17.1.32328.378
MinimumVisualStudioVersion = 10.0.40219.1
Project("{FAE04EC0-301F-11D3-BF4B-00C04F79EFBC}") = "Xd", "Xd\Xd.csproj", "{32AEC586-EBB6-4C5C-8DB8-BE8CB7A2B38D}"
EndProject
Global
	GlobalSection(SolutionConfigurationPlatforms) = preSolution
		Debug|Any CPU = Debug|Any CPU
		Release|Any CPU = Release|Any CPU
	EndGlobalSection
	GlobalSection(ProjectConfigurationPlatforms) = postSolution
		{32AEC586-EBB6-4C5C-8DB8-BE8CB7A2B38D}.Debug|Any CPU.ActiveCfg = Debug|Any CPU
		{32AEC586-EBB6-4C5C-8DB8-BE8CB7A2B38D}.Debug|Any CPU.Build.0 = Debug|Any CPU
		{32AEC586-EBB6-4C5C-8DB8-BE8CB7A2B38D}.Release|Any CPU.ActiveCfg = Release|Any CPU
		{32AEC586-EBB6-4C5C-8DB8-BE8CB7A2B38D}.Release|Any CPU.Build.0 = Release|Any CPU
	EndGlobalSection
	GlobalSection(SolutionProperties) = preSolution
		HideSolutionNode = FALSE
	EndGlobalSection
	GlobalSection(ExtensibilityGlobals) = postSolution
		SolutionGuid = {903EF65B-D1E0-4C6F-BCF6-868A4C11281A}
	EndGlobalSection
EndGlobal
